// !$*UTF8*$!
{
	archiveVersion = 1;
	classes = {
	};
	objectVersion = 46;
	objects = {

/* Begin PBXBuildFile section */
		EBB4E9801E31DEEC00FD0709 /* main.m in Sources */ = {isa = PBXBuildFile; fileRef = EBB4E97F1E31DEEC00FD0709 /* main.m */; };
		EBB4E9831E31DEEC00FD0709 /* AppDelegate.m in Sources */ = {isa = PBXBuildFile; fileRef = EBB4E9821E31DEEC00FD0709 /* AppDelegate.m */; };
		EBB4E9891E31DEEC00FD0709 /* Main.storyboard in Resources */ = {isa = PBXBuildFile; fileRef = EBB4E9871E31DEEC00FD0709 /* Main.storyboard */; };
		EBB4E98B1E31DEEC00FD0709 /* Assets.xcassets in Resources */ = {isa = PBXBuildFile; fileRef = EBB4E98A1E31DEEC00FD0709 /* Assets.xcassets */; };
		EBB4E98E1E31DEEC00FD0709 /* LaunchScreen.storyboard in Resources */ = {isa = PBXBuildFile; fileRef = EBB4E98C1E31DEEC00FD0709 /* LaunchScreen.storyboard */; };
		EBB4E9991E31DEEC00FD0709 /* MVVMDemoTests.m in Sources */ = {isa = PBXBuildFile; fileRef = EBB4E9981E31DEEC00FD0709 /* MVVMDemoTests.m */; };
		EBB4E9A41E31DEEC00FD0709 /* MVVMDemoUITests.m in Sources */ = {isa = PBXBuildFile; fileRef = EBB4E9A31E31DEEC00FD0709 /* MVVMDemoUITests.m */; };
		EBB4E9B41E31DF1C00FD0709 /* Person.m in Sources */ = {isa = PBXBuildFile; fileRef = EBB4E9B31E31DF1C00FD0709 /* Person.m */; };
		EBB4E9B71E31DF4C00FD0709 /* PersonViewController.m in Sources */ = {isa = PBXBuildFile; fileRef = EBB4E9B61E31DF4C00FD0709 /* PersonViewController.m */; };
		EBB4E9BA1E31E05A00FD0709 /* PersonViewModel.m in Sources */ = {isa = PBXBuildFile; fileRef = EBB4E9B91E31E05A00FD0709 /* PersonViewModel.m */; };
/* End PBXBuildFile section */

/* Begin PBXContainerItemProxy section */
		EBB4E9951E31DEEC00FD0709 /* PBXContainerItemProxy */ = {
			isa = PBXContainerItemProxy;
			containerPortal = EBB4E9731E31DEEC00FD0709 /* Project object */;
			proxyType = 1;
			remoteGlobalIDString = EBB4E97A1E31DEEC00FD0709;
			remoteInfo = MVVMDemo;
		};
		EBB4E9A01E31DEEC00FD0709 /* PBXContainerItemProxy */ = {
			isa = PBXContainerItemProxy;
			containerPortal = EBB4E9731E31DEEC00FD0709 /* Project object */;
			proxyType = 1;
			remoteGlobalIDString = EBB4E97A1E31DEEC00FD0709;
			remoteInfo = MVVMDemo;
		};
/* End PBXContainerItemProxy section */

/* Begin PBXFileReference section */
		EBB4E97B1E31DEEC00FD0709 /* MVVMDemo.app */ = {isa = PBXFileReference; explicitFileType = wrapper.application; includeInIndex = 0; path = MVVMDemo.app; sourceTree = BUILT_PRODUCTS_DIR; };
		EBB4E97F1E31DEEC00FD0709 /* main.m */ = {isa = PBXFileReference; lastKnownFileType = sourcecode.c.objc; path = main.m; sourceTree = "<group>"; };
		EBB4E9811E31DEEC00FD0709 /* AppDelegate.h */ = {isa = PBXFileReference; lastKnownFileType = sourcecode.c.h; path = AppDelegate.h; sourceTree = "<group>"; };
		EBB4E9821E31DEEC00FD0709 /* AppDelegate.m */ = {isa = PBXFileReference; lastKnownFileType = sourcecode.c.objc; path = AppDelegate.m; sourceTree = "<group>"; };
		EBB4E9881E31DEEC00FD0709 /* Base */ = {isa = PBXFileReference; lastKnownFileType = file.storyboard; name = Base; path = Base.lproj/Main.storyboard; sourceTree = "<group>"; };
		EBB4E98A1E31DEEC00FD0709 /* Assets.xcassets */ = {isa = PBXFileReference; lastKnownFileType = folder.assetcatalog; path = Assets.xcassets; sourceTree = "<group>"; };
		EBB4E98D1E31DEEC00FD0709 /* Base */ = {isa = PBXFileReference; lastKnownFileType = file.storyboard; name = Base; path = Base.lproj/LaunchScreen.storyboard; sourceTree = "<group>"; };
		EBB4E98F1E31DEEC00FD0709 /* Info.plist */ = {isa = PBXFileReference; lastKnownFileType = text.plist.xml; path = Info.plist; sourceTree = "<group>"; };
		EBB4E9941E31DEEC00FD0709 /* MVVMDemoTests.xctest */ = {isa = PBXFileReference; explicitFileType = wrapper.cfbundle; includeInIndex = 0; path = MVVMDemoTests.xctest; sourceTree = BUILT_PRODUCTS_DIR; };
		EBB4E9981E31DEEC00FD0709 /* MVVMDemoTests.m */ = {isa = PBXFileReference; lastKnownFileType = sourcecode.c.objc; path = MVVMDemoTests.m; sourceTree = "<group>"; };
		EBB4E99A1E31DEEC00FD0709 /* Info.plist */ = {isa = PBXFileReference; lastKnownFileType = text.plist.xml; path = Info.plist; sourceTree = "<group>"; };
		EBB4E99F1E31DEEC00FD0709 /* MVVMDemoUITests.xctest */ = {isa = PBXFileReference; explicitFileType = wrapper.cfbundle; includeInIndex = 0; path = MVVMDemoUITests.xctest; sourceTree = BUILT_PRODUCTS_DIR; };
		EBB4E9A31E31DEEC00FD0709 /* MVVMDemoUITests.m */ = {isa = PBXFileReference; lastKnownFileType = sourcecode.c.objc; path = MVVMDemoUITests.m; sourceTree = "<group>"; };
		EBB4E9A51E31DEEC00FD0709 /* Info.plist */ = {isa = PBXFileReference; lastKnownFileType = text.plist.xml; path = Info.plist; sourceTree = "<group>"; };
		EBB4E9B21E31DF1C00FD0709 /* Person.h */ = {isa = PBXFileReference; fileEncoding = 4; lastKnownFileType = sourcecode.c.h; path = Person.h; sourceTree = "<group>"; };
		EBB4E9B31E31DF1C00FD0709 /* Person.m */ = {isa = PBXFileReference; fileEncoding = 4; lastKnownFileType = sourcecode.c.objc; path = Person.m; sourceTree = "<group>"; };
		EBB4E9B51E31DF4C00FD0709 /* PersonViewController.h */ = {isa = PBXFileReference; fileEncoding = 4; lastKnownFileType = sourcecode.c.h; path = PersonViewController.h; sourceTree = "<group>"; };
		EBB4E9B61E31DF4C00FD0709 /* PersonViewController.m */ = {isa = PBXFileReference; fileEncoding = 4; lastKnownFileType = sourcecode.c.objc; path = PersonViewController.m; sourceTree = "<group>"; };
		EBB4E9B81E31E05A00FD0709 /* PersonViewModel.h */ = {isa = PBXFileReference; fileEncoding = 4; lastKnownFileType = sourcecode.c.h; path = PersonViewModel.h; sourceTree = "<group>"; };
		EBB4E9B91E31E05A00FD0709 /* PersonViewModel.m */ = {isa = PBXFileReference; fileEncoding = 4; lastKnownFileType = sourcecode.c.objc; path = PersonViewModel.m; sourceTree = "<group>"; };
/* End PBXFileReference section */

/* Begin PBXFrameworksBuildPhase section */
		EBB4E9781E31DEEC00FD0709 /* Frameworks */ = {
			isa = PBXFrameworksBuildPhase;
			buildActionMask = 2147483647;
			files = (
			);
			runOnlyForDeploymentPostprocessing = 0;
		};
		EBB4E9911E31DEEC00FD0709 /* Frameworks */ = {
			isa = PBXFrameworksBuildPhase;
			buildActionMask = 2147483647;
			files = (
			);
			runOnlyForDeploymentPostprocessing = 0;
		};
		EBB4E99C1E31DEEC00FD0709 /* Frameworks */ = {
			isa = PBXFrameworksBuildPhase;
			buildActionMask = 2147483647;
			files = (
			);
			runOnlyForDeploymentPostprocessing = 0;
		};
/* End PBXFrameworksBuildPhase section */

/* Begin PBXGroup section */
		EBB4E9721E31DEEC00FD0709 = {
			isa = PBXGroup;
			children = (
				EBB4E97D1E31DEEC00FD0709 /* MVVMDemo */,
				EBB4E9971E31DEEC00FD0709 /* MVVMDemoTests */,
				EBB4E9A21E31DEEC00FD0709 /* MVVMDemoUITests */,
				EBB4E97C1E31DEEC00FD0709 /* Products */,
			);
			sourceTree = "<group>";
		};
		EBB4E97C1E31DEEC00FD0709 /* Products */ = {
			isa = PBXGroup;
			children = (
				EBB4E97B1E31DEEC00FD0709 /* MVVMDemo.app */,
				EBB4E9941E31DEEC00FD0709 /* MVVMDemoTests.xctest */,
				EBB4E99F1E31DEEC00FD0709 /* MVVMDemoUITests.xctest */,
			);
			name = Products;
			sourceTree = "<group>";
		};
		EBB4E97D1E31DEEC00FD0709 /* MVVMDemo */ = {
			isa = PBXGroup;
			children = (
				EBB4E9B11E31DEFC00FD0709 /* model */,
				EBB4E9811E31DEEC00FD0709 /* AppDelegate.h */,
				EBB4E9821E31DEEC00FD0709 /* AppDelegate.m */,
				EBB4E9B51E31DF4C00FD0709 /* PersonViewController.h */,
				EBB4E9B61E31DF4C00FD0709 /* PersonViewController.m */,
				EBB4E9B81E31E05A00FD0709 /* PersonViewModel.h */,
				EBB4E9B91E31E05A00FD0709 /* PersonViewModel.m */,
				EBB4E9871E31DEEC00FD0709 /* Main.storyboard */,
				EBB4E98A1E31DEEC00FD0709 /* Assets.xcassets */,
				EBB4E98C1E31DEEC00FD0709 /* LaunchScreen.storyboard */,
				EBB4E98F1E31DEEC00FD0709 /* Info.plist */,
				EBB4E97E1E31DEEC00FD0709 /* Supporting Files */,
			);
			path = MVVMDemo;
			sourceTree = "<group>";
		};
		EBB4E97E1E31DEEC00FD0709 /* Supporting Files */ = {
			isa = PBXGroup;
			children = (
				EBB4E97F1E31DEEC00FD0709 /* main.m */,
			);
			name = "Supporting Files";
			sourceTree = "<group>";
		};
		EBB4E9971E31DEEC00FD0709 /* MVVMDemoTests */ = {
			isa = PBXGroup;
			children = (
				EBB4E9981E31DEEC00FD0709 /* MVVMDemoTests.m */,
				EBB4E99A1E31DEEC00FD0709 /* Info.plist */,
			);
			path = MVVMDemoTests;
			sourceTree = "<group>";
		};
		EBB4E9A21E31DEEC00FD0709 /* MVVMDemoUITests */ = {
			isa = PBXGroup;
			children = (
				EBB4E9A31E31DEEC00FD0709 /* MVVMDemoUITests.m */,
				EBB4E9A51E31DEEC00FD0709 /* Info.plist */,
			);
			path = MVVMDemoUITests;
			sourceTree = "<group>";
		};
		EBB4E9B11E31DEFC00FD0709 /* model */ = {
			isa = PBXGroup;
			children = (
				EBB4E9B21E31DF1C00FD0709 /* Person.h */,
				EBB4E9B31E31DF1C00FD0709 /* Person.m */,
			);
			path = model;
			sourceTree = "<group>";
		};
/* End PBXGroup section */

/* Begin PBXNativeTarget section */
		EBB4E97A1E31DEEC00FD0709 /* MVVMDemo */ = {
			isa = PBXNativeTarget;
			buildConfigurationList = EBB4E9A81E31DEEC00FD0709 /* Build configuration list for PBXNativeTarget "MVVMDemo" */;
			buildPhases = (
				EBB4E9771E31DEEC00FD0709 /* Sources */,
				EBB4E9781E31DEEC00FD0709 /* Frameworks */,
				EBB4E9791E31DEEC00FD0709 /* Resources */,
			);
			buildRules = (
			);
			dependencies = (
			);
			name = MVVMDemo;
			productName = MVVMDemo;
			productReference = EBB4E97B1E31DEEC00FD0709 /* MVVMDemo.app */;
			productType = "com.apple.product-type.application";
		};
		EBB4E9931E31DEEC00FD0709 /* MVVMDemoTests */ = {
			isa = PBXNativeTarget;
			buildConfigurationList = EBB4E9AB1E31DEEC00FD0709 /* Build configuration list for PBXNativeTarget "MVVMDemoTests" */;
			buildPhases = (
				EBB4E9901E31DEEC00FD0709 /* Sources */,
				EBB4E9911E31DEEC00FD0709 /* Frameworks */,
				EBB4E9921E31DEEC00FD0709 /* Resources */,
			);
			buildRules = (
			);
			dependencies = (
				EBB4E9961E31DEEC00FD0709 /* PBXTargetDependency */,
			);
			name = MVVMDemoTests;
			productName = MVVMDemoTests;
			productReference = EBB4E9941E31DEEC00FD0709 /* MVVMDemoTests.xctest */;
			productType = "com.apple.product-type.bundle.unit-test";
		};
		EBB4E99E1E31DEEC00FD0709 /* MVVMDemoUITests */ = {
			isa = PBXNativeTarget;
			buildConfigurationList = EBB4E9AE1E31DEEC00FD0709 /* Build configuration list for PBXNativeTarget "MVVMDemoUITests" */;
			buildPhases = (
				EBB4E99B1E31DEEC00FD0709 /* Sources */,
				EBB4E99C1E31DEEC00FD0709 /* Frameworks */,
				EBB4E99D1E31DEEC00FD0709 /* Resources */,
			);
			buildRules = (
			);
			dependencies = (
				EBB4E9A11E31DEEC00FD0709 /* PBXTargetDependency */,
			);
			name = MVVMDemoUITests;
			productName = MVVMDemoUITests;
			productReference = EBB4E99F1E31DEEC00FD0709 /* MVVMDemoUITests.xctest */;
			productType = "com.apple.product-type.bundle.ui-testing";
		};
/* End PBXNativeTarget section */

/* Begin PBXProject section */
		EBB4E9731E31DEEC00FD0709 /* Project object */ = {
			isa = PBXProject;
			attributes = {
				LastUpgradeCheck = 0820;
				ORGANIZATIONNAME = buoumall;
				TargetAttributes = {
					EBB4E97A1E31DEEC00FD0709 = {
						CreatedOnToolsVersion = 8.2.1;
						ProvisioningStyle = Automatic;
					};
					EBB4E9931E31DEEC00FD0709 = {
						CreatedOnToolsVersion = 8.2.1;
						ProvisioningStyle = Automatic;
						TestTargetID = EBB4E97A1E31DEEC00FD0709;
					};
					EBB4E99E1E31DEEC00FD0709 = {
						CreatedOnToolsVersion = 8.2.1;
						ProvisioningStyle = Automatic;
						TestTargetID = EBB4E97A1E31DEEC00FD0709;
					};
				};
			};
			buildConfigurationList = EBB4E9761E31DEEC00FD0709 /* Build configuration list for PBXProject "MVVMDemo" */;
			compatibilityVersion = "Xcode 3.2";
			developmentRegion = English;
			hasScannedForEncodings = 0;
			knownRegions = (
				en,
				Base,
			);
			mainGroup = EBB4E9721E31DEEC00FD0709;
			productRefGroup = EBB4E97C1E31DEEC00FD0709 /* Products */;
			projectDirPath = "";
			projectRoot = "";
			targets = (
				EBB4E97A1E31DEEC00FD0709 /* MVVMDemo */,
				EBB4E9931E31DEEC00FD0709 /* MVVMDemoTests */,
				EBB4E99E1E31DEEC00FD0709 /* MVVMDemoUITests */,
			);
		};
/* End PBXProject section */

/* Begin PBXResourcesBuildPhase section */
		EBB4E9791E31DEEC00FD0709 /* Resources */ = {
			isa = PBXResourcesBuildPhase;
			buildActionMask = 2147483647;
			files = (
				EBB4E98E1E31DEEC00FD0709 /* LaunchScreen.storyboard in Resources */,
				EBB4E98B1E31DEEC00FD0709 /* Assets.xcassets in Resources */,
				EBB4E9891E31DEEC00FD0709 /* Main.storyboard in Resources */,
			);
			runOnlyForDeploymentPostprocessing = 0;
		};
		EBB4E9921E31DEEC00FD0709 /* Resources */ = {
			isa = PBXResourcesBuildPhase;
			buildActionMask = 2147483647;
			files = (
			);
			runOnlyForDeploymentPostprocessing = 0;
		};
		EBB4E99D1E31DEEC00FD0709 /* Resources */ = {
			isa = PBXResourcesBuildPhase;
			buildActionMask = 2147483647;
			files = (
			);
			runOnlyForDeploymentPostprocessing = 0;
		};
/* End PBXResourcesBuildPhase section */

/* Begin PBXSourcesBuildPhase section */
		EBB4E9771E31DEEC00FD0709 /* Sources */ = {
			isa = PBXSourcesBuildPhase;
			buildActionMask = 2147483647;
			files = (
				EBB4E9BA1E31E05A00FD0709 /* PersonViewModel.m in Sources */,
				EBB4E9831E31DEEC00FD0709 /* AppDelegate.m in Sources */,
				EBB4E9B41E31DF1C00FD0709 /* Person.m in Sources */,
				EBB4E9801E31DEEC00FD0709 /* main.m in Sources */,
				EBB4E9B71E31DF4C00FD0709 /* PersonViewController.m in Sources */,
			);
			runOnlyForDeploymentPostprocessing = 0;
		};
		EBB4E9901E31DEEC00FD0709 /* Sources */ = {
			isa = PBXSourcesBuildPhase;
			buildActionMask = 2147483647;
			files = (
				EBB4E9991E31DEEC00FD0709 /* MVVMDemoTests.m in Sources */,
			);
			runOnlyForDeploymentPostprocessing = 0;
		};
		EBB4E99B1E31DEEC00FD0709 /* Sources */ = {
			isa = PBXSourcesBuildPhase;
			buildActionMask = 2147483647;
			files = (
				EBB4E9A41E31DEEC00FD0709 /* MVVMDemoUITests.m in Sources */,
			);
			runOnlyForDeploymentPostprocessing = 0;
		};
/* End PBXSourcesBuildPhase section */

/* Begin PBXTargetDependency section */
		EBB4E9961E31DEEC00FD0709 /* PBXTargetDependency */ = {
			isa = PBXTargetDependency;
			target = EBB4E97A1E31DEEC00FD0709 /* MVVMDemo */;
			targetProxy = EBB4E9951E31DEEC00FD0709 /* PBXContainerItemProxy */;
		};
		EBB4E9A11E31DEEC00FD0709 /* PBXTargetDependency */ = {
			isa = PBXTargetDependency;
			target = EBB4E97A1E31DEEC00FD0709 /* MVVMDemo */;
			targetProxy = EBB4E9A01E31DEEC00FD0709 /* PBXContainerItemProxy */;
		};
/* End PBXTargetDependency section */

/* Begin PBXVariantGroup section */
		EBB4E9871E31DEEC00FD0709 /* Main.storyboard */ = {
			isa = PBXVariantGroup;
			children = (
				EBB4E9881E31DEEC00FD0709 /* Base */,
			);
			name = Main.storyboard;
			sourceTree = "<group>";
		};
		EBB4E98C1E31DEEC00FD0709 /* LaunchScreen.storyboard */ = {
			isa = PBXVariantGroup;
			children = (
				EBB4E98D1E31DEEC00FD0709 /* Base */,
			);
			name = LaunchScreen.storyboard;
			sourceTree = "<group>";
		};
/* End PBXVariantGroup section */

/* Begin XCBuildConfiguration section */
		EBB4E9A61E31DEEC00FD0709 /* Debug */ = {
			isa = XCBuildConfiguration;
			buildSettings = {
				ALWAYS_SEARCH_USER_PATHS = NO;
				CLANG_ANALYZER_NONNULL = YES;
				CLANG_CXX_LANGUAGE_STANDARD = "gnu++0x";
				CLANG_CXX_LIBRARY = "libc++";
				CLANG_ENABLE_MODULES = YES;
				CLANG_ENABLE_OBJC_ARC = YES;
				CLANG_WARN_BOOL_CONVERSION = YES;
				CLANG_WARN_CONSTANT_CONVERSION = YES;
				CLANG_WARN_DIRECT_OBJC_ISA_USAGE = YES_ERROR;
				CLANG_WARN_DOCUMENTATION_COMMENTS = YES;
				CLANG_WARN_EMPTY_BODY = YES;
				CLANG_WARN_ENUM_CONVERSION = YES;
				CLANG_WARN_INFINITE_RECURSION = YES;
				CLANG_WARN_INT_CONVERSION = YES;
				CLANG_WARN_OBJC_ROOT_CLASS = YES_ERROR;
				CLANG_WARN_SUSPICIOUS_MOVE = YES;
				CLANG_WARN_UNREACHABLE_CODE = YES;
				CLANG_WARN__DUPLICATE_METHOD_MATCH = YES;
				"CODE_SIGN_IDENTITY[sdk=iphoneos*]" = "iPhone Developer";
				COPY_PHASE_STRIP = NO;
				DEBUG_INFORMATION_FORMAT = dwarf;
				ENABLE_STRICT_OBJC_MSGSEND = YES;
				ENABLE_TESTABILITY = YES;
				GCC_C_LANGUAGE_STANDARD = gnu99;
				GCC_DYNAMIC_NO_PIC = NO;
				GCC_NO_COMMON_BLOCKS = YES;
				GCC_OPTIMIZATION_LEVEL = 0;
				GCC_PREPROCESSOR_DEFINITIONS = (
					"DEBUG=1",
					"$(inherited)",
				);
				GCC_WARN_64_TO_32_BIT_CONVERSION = YES;
				GCC_WARN_ABOUT_RETURN_TYPE = YES_ERROR;
				GCC_WARN_UNDECLARED_SELECTOR = YES;
				GCC_WARN_UNINITIALIZED_AUTOS = YES_AGGRESSIVE;
				GCC_WARN_UNUSED_FUNCTION = YES;
				GCC_WARN_UNUSED_VARIABLE = YES;
				IPHONEOS_DEPLOYMENT_TARGET = 10.2;
				MTL_ENABLE_DEBUG_INFO = YES;
				ONLY_ACTIVE_ARCH = YES;
				SDKROOT = iphoneos;
			};
			name = Debug;
		};
		EBB4E9A71E31DEEC00FD0709 /* Release */ = {
			isa = XCBuildConfiguration;
			buildSettings = {
				ALWAYS_SEARCH_USER_PATHS = NO;
				CLANG_ANALYZER_NONNULL = YES;
				CLANG_CXX_LANGUAGE_STANDARD = "gnu++0x";
				CLANG_CXX_LIBRARY = "libc++";
				CLANG_ENABLE_MODULES = YES;
				CLANG_ENABLE_OBJC_ARC = YES;
				CLANG_WARN_BOOL_CONVERSION = YES;
				CLANG_WARN_CONSTANT_CONVERSION = YES;
				CLANG_WARN_DIRECT_OBJC_ISA_USAGE = YES_ERROR;
				CLANG_WARN_DOCUMENTATION_COMMENTS = YES;
				CLANG_WARN_EMPTY_BODY = YES;
				CLANG_WARN_ENUM_CONVERSION = YES;
				CLANG_WARN_INFINITE_RECURSION = YES;
				CLANG_WARN_INT_CONVERSION = YES;
				CLANG_WARN_OBJC_ROOT_CLASS = YES_ERROR;
				CLANG_WARN_SUSPICIOUS_MOVE = YES;
				CLANG_WARN_UNREACHABLE_CODE = YES;
				CLANG_WARN__DUPLICATE_METHOD_MATCH = YES;
				"CODE_SIGN_IDENTITY[sdk=iphoneos*]" = "iPhone Developer";
				COPY_PHASE_STRIP = NO;
				DEBUG_INFORMATION_FORMAT = "dwarf-with-dsym";
				ENABLE_NS_ASSERTIONS = NO;
				ENABLE_STRICT_OBJC_MSGSEND = YES;
				GCC_C_LANGUAGE_STANDARD = gnu99;
				GCC_NO_COMMON_BLOCKS = YES;
				GCC_WARN_64_TO_32_BIT_CONVERSION = YES;
				GCC_WARN_ABOUT_RETURN_TYPE = YES_ERROR;
				GCC_WARN_UNDECLARED_SELECTOR = YES;
				GCC_WARN_UNINITIALIZED_AUTOS = YES_AGGRESSIVE;
				GCC_WARN_UNUSED_FUNCTION = YES;
				GCC_WARN_UNUSED_VARIABLE = YES;
				IPHONEOS_DEPLOYMENT_TARGET = 10.2;
				MTL_ENABLE_DEBUG_INFO = NO;
				SDKROOT = iphoneos;
				VALIDATE_PRODUCT = YES;
			};
			name = Release;
		};
		EBB4E9A91E31DEEC00FD0709 /* Debug */ = {
			isa = XCBuildConfiguration;
			buildSettings = {
				ASSETCATALOG_COMPILER_APPICON_NAME = AppIcon;
				INFOPLIST_FILE = MVVMDemo/Info.plist;
				LD_RUNPATH_SEARCH_PATHS = "$(inherited) @executable_path/Frameworks";
				PRODUCT_BUNDLE_IDENTIFIER = com.buoumall.MVVMDemo;
				PRODUCT_NAME = "$(TARGET_NAME)";
			};
			name = Debug;
		};
		EBB4E9AA1E31DEEC00FD0709 /* Release */ = {
			isa = XCBuildConfiguration;
			buildSettings = {
				ASSETCATALOG_COMPILER_APPICON_NAME = AppIcon;
				INFOPLIST_FILE = MVVMDemo/Info.plist;
				LD_RUNPATH_SEARCH_PATHS = "$(inherited) @executable_path/Frameworks";
				PRODUCT_BUNDLE_IDENTIFIER = com.buoumall.MVVMDemo;
				PRODUCT_NAME = "$(TARGET_NAME)";
			};
			name = Release;
		};
		EBB4E9AC1E31DEEC00FD0709 /* Debug */ = {
			isa = XCBuildConfiguration;
			buildSettings = {
				BUNDLE_LOADER = "$(TEST_HOST)";
				INFOPLIST_FILE = MVVMDemoTests/Info.plist;
				LD_RUNPATH_SEARCH_PATHS = "$(inherited) @executable_path/Frameworks @loader_path/Frameworks";
				PRODUCT_BUNDLE_IDENTIFIER = com.buoumall.MVVMDemoTests;
				PRODUCT_NAME = "$(TARGET_NAME)";
				TEST_HOST = "$(BUILT_PRODUCTS_DIR)/MVVMDemo.app/MVVMDemo";
			};
			name = Debug;
		};
		EBB4E9AD1E31DEEC00FD0709 /* Release */ = {
			isa = XCBuildConfiguration;
			buildSettings = {
				BUNDLE_LOADER = "$(TEST_HOST)";
				INFOPLIST_FILE = MVVMDemoTests/Info.plist;
				LD_RUNPATH_SEARCH_PATHS = "$(inherited) @executable_path/Frameworks @loader_path/Frameworks";
				PRODUCT_BUNDLE_IDENTIFIER = com.buoumall.MVVMDemoTests;
				PRODUCT_NAME = "$(TARGET_NAME)";
				TEST_HOST = "$(BUILT_PRODUCTS_DIR)/MVVMDemo.app/MVVMDemo";
			};
			name = Release;
		};
		EBB4E9AF1E31DEEC00FD0709 /* Debug */ = {
			isa = XCBuildConfiguration;
			buildSettings = {
				INFOPLIST_FILE = MVVMDemoUITests/Info.plist;
				LD_RUNPATH_SEARCH_PATHS = "$(inherited) @executable_path/Frameworks @loader_path/Frameworks";
				PRODUCT_BUNDLE_IDENTIFIER = com.buoumall.MVVMDemoUITests;
				PRODUCT_NAME = "$(TARGET_NAME)";
				TEST_TARGET_NAME = MVVMDemo;
			};
			name = Debug;
		};
		EBB4E9B01E31DEEC00FD0709 /* Release */ = {
			isa = XCBuildConfiguration;
			buildSettings = {
				INFOPLIST_FILE = MVVMDemoUITests/Info.plist;
				LD_RUNPATH_SEARCH_PATHS = "$(inherited) @executable_path/Frameworks @loader_path/Frameworks";
				PRODUCT_BUNDLE_IDENTIFIER = com.buoumall.MVVMDemoUITests;
				PRODUCT_NAME = "$(TARGET_NAME)";
				TEST_TARGET_NAME = MVVMDemo;
			};
			name = Release;
		};
/* End XCBuildConfiguration section */

/* Begin XCConfigurationList section */
		EBB4E9761E31DEEC00FD0709 /* Build configuration list for PBXProject "MVVMDemo" */ = {
			isa = XCConfigurationList;
			buildConfigurations = (
				EBB4E9A61E31DEEC00FD0709 /* Debug */,
				EBB4E9A71E31DEEC00FD0709 /* Release */,
			);
			defaultConfigurationIsVisible = 0;
			defaultConfigurationName = Release;
		};
		EBB4E9A81E31DEEC00FD0709 /* Build configuration list for PBXNativeTarget "MVVMDemo" */ = {
			isa = XCConfigurationList;
			buildConfigurations = (
				EBB4E9A91E31DEEC00FD0709 /* Debug */,
				EBB4E9AA1E31DEEC00FD0709 /* Release */,
			);
			defaultConfigurationIsVisible = 0;
		};
		EBB4E9AB1E31DEEC00FD0709 /* Build configuration list for PBXNativeTarget "MVVMDemoTests" */ = {
			isa = XCConfigurationList;
			buildConfigurations = (
				EBB4E9AC1E31DEEC00FD0709 /* Debug */,
				EBB4E9AD1E31DEEC00FD0709 /* Release */,
			);
			defaultConfigurationIsVisible = 0;
		};
		EBB4E9AE1E31DEEC00FD0709 /* Build configuration list for PBXNativeTarget "MVVMDemoUITests" */ = {
			isa = XCConfigurationList;
			buildConfigurations = (
				EBB4E9AF1E31DEEC00FD0709 /* Debug */,
				EBB4E9B01E31DEEC00FD0709 /* Release */,
			);
			defaultConfigurationIsVisible = 0;
		};
/* End XCConfigurationList section */
	};
	rootObject = EBB4E9731E31DEEC00FD0709 /* Project object */;
}
